
Microsoft Visual Studio Solution File, Format Version 12.00
# Visual Studio Version 17
VisualStudioVersion = 17.6.33723.286
MinimumVisualStudioVersion = 10.0.40219.1
Project("{9A19103F-16F7-4668-BE54-9A1E7A4F7556}") = "ComicShelf", "ComicShelf\ComicShelf.csproj", "{3954451A-6415-4EDB-9127-F5E09D4C6842}"
EndProject
Project("{9A19103F-16F7-4668-BE54-9A1E7A4F7556}") = "Backend", "Backend\Backend.csproj", "{E287E69D-EA2E-4744-8184-EA2C94FBE49A}"
EndProject
Project("{9A19103F-16F7-4668-BE54-9A1E7A4F7556}") = "Services", "Services\Services.csproj", "{D41B2F69-75B3-4CD0-A5DA-6CAA80EE1780}"
EndProject
Project("{FAE04EC0-301F-11D3-BF4B-00C04F79EFBC}") = "ComicShelf.UnitTests", "ComicShelf.UnitTests\ComicShelf.UnitTests.csproj", "{E4AAEC3E-50EC-4A28-86BA-3036EDF699A0}"
EndProject
Global
	GlobalSection(SolutionConfigurationPlatforms) = preSolution
		Debug|Any CPU = Debug|Any CPU
		Release|Any CPU = Release|Any CPU
	EndGlobalSection
	GlobalSection(ProjectConfigurationPlatforms) = postSolution
		{3954451A-6415-4EDB-9127-F5E09D4C6842}.Debug|Any CPU.ActiveCfg = Debug|Any CPU
		{3954451A-6415-4EDB-9127-F5E09D4C6842}.Debug|Any CPU.Build.0 = Debug|Any CPU
		{3954451A-6415-4EDB-9127-F5E09D4C6842}.Release|Any CPU.ActiveCfg = Release|Any CPU
		{3954451A-6415-4EDB-9127-F5E09D4C6842}.Release|Any CPU.Build.0 = Release|Any CPU
		{E287E69D-EA2E-4744-8184-EA2C94FBE49A}.Debug|Any CPU.ActiveCfg = Debug|Any CPU
		{E287E69D-EA2E-4744-8184-EA2C94FBE49A}.Debug|Any CPU.Build.0 = Debug|Any CPU
		{E287E69D-EA2E-4744-8184-EA2C94FBE49A}.Release|Any CPU.ActiveCfg = Release|Any CPU
		{E287E69D-EA2E-4744-8184-EA2C94FBE49A}.Release|Any CPU.Build.0 = Release|Any CPU
		{D41B2F69-75B3-4CD0-A5DA-6CAA80EE1780}.Debug|Any CPU.ActiveCfg = Debug|Any CPU
		{D41B2F69-75B3-4CD0-A5DA-6CAA80EE1780}.Debug|Any CPU.Build.0 = Debug|Any CPU
		{D41B2F69-75B3-4CD0-A5DA-6CAA80EE1780}.Release|Any CPU.ActiveCfg = Release|Any CPU
		{D41B2F69-75B3-4CD0-A5DA-6CAA80EE1780}.Release|Any CPU.Build.0 = Release|Any CPU
		{E4AAEC3E-50EC-4A28-86BA-3036EDF699A0}.Debug|Any CPU.ActiveCfg = Debug|Any CPU
		{E4AAEC3E-50EC-4A28-86BA-3036EDF699A0}.Debug|Any CPU.Build.0 = Debug|Any CPU
		{E4AAEC3E-50EC-4A28-86BA-3036EDF699A0}.Release|Any CPU.ActiveCfg = Release|Any CPU
		{E4AAEC3E-50EC-4A28-86BA-3036EDF699A0}.Release|Any CPU.Build.0 = Release|Any CPU
	EndGlobalSection
	GlobalSection(SolutionProperties) = preSolution
		HideSolutionNode = FALSE
	EndGlobalSection
	GlobalSection(ExtensibilityGlobals) = postSolution
		RESX_MoveToResources = {"Items":[{"Extensions":".cs,.vb","Patterns":"$Namespace.$File.$Key|$File.$Key|StringResourceKey.$Key|$Namespace.StringResourceKey.$Key|nameof($File.$Key), ResourceType = typeof($File)|ErrorMessageResourceType = typeof($File), ErrorMessageResourceName = nameof($File.$Key)"},{"Extensions":".cshtml,.vbhtml","Patterns":"$Key"},{"Extensions":".cpp,.c,.hxx,.h","Patterns":"$File::$Key"},{"Extensions":".aspx,.ascx","Patterns":"<%$ Resources:$File,$Key %>|<%= $File.$Key %>|<%= $Namespace.$File.$Key %>"},{"Extensions":".xaml","Patterns":"\"{x:Static properties:$File.$Key}\""},{"Extensions":".ts","Patterns":"resources.$Key"},{"Extensions":".html","Patterns":"{{ resources.$Key }}"}]}
		RESX_ShowPerformanceTraces = True
		RESX_CodeReferences = {"Items":[{"Expression":"\\W\"($Key)\"\\W","Extensions":".cs,.xaml,.cshtml","IsCaseSensitive":true,"SingleLineComment":"\/\/"},{"Expression":"\\W($File.$Key)\\W","Extensions":".vbhtml","IsCaseSensitive":false,"SingleLineComment":null},{"Expression":"ResourceManager.GetString\\(\"($Key)\"\\)","Extensions":".cs","IsCaseSensitive":true,"SingleLineComment":"\/\/"},{"Expression":"typeof\\((\\w+\\.)*($File)\\).+\"($Key)\"|\"($Key)\".+typeof\\((\\w+\\.)*($File)\\)","Extensions":".cs","IsCaseSensitive":true,"SingleLineComment":"\/\/"},{"Expression":"\\W($Key)\\W","Extensions":".vb","IsCaseSensitive":false,"SingleLineComment":"'"},{"Expression":"\\W($File::$Key)\\W","Extensions":".cpp,.c,.hxx,.h","IsCaseSensitive":true,"SingleLineComment":"\/\/"},{"Expression":"&lt;%\\$\\s+Resources:\\s*($File)\\s*,\\s*($Key)\\s*%&gt;","Extensions":".aspx,.ascx,.master","IsCaseSensitive":true,"SingleLineComment":null},{"Expression":"StringResourceKey\\.($Key)","Extensions":".cs","IsCaseSensitive":true,"SingleLineComment":"\/\/"},{"Expression":"\\.($Key)","Extensions":".ts,.html","IsCaseSensitive":true,"SingleLineComment":"\/\/"}]}
		SolutionGuid = {3CF27153-4179-4E13-AAD3-9E88D6E089BD}
		RESX_RemoveEmptyEntries = True
	EndGlobalSection
EndGlobal
