
Microsoft Visual Studio Solution File, Format Version 12.00
# Visual Studio Version 17
VisualStudioVersion = 17.6.33723.286
MinimumVisualStudioVersion = 10.0.40219.1
Project("{9A19103F-16F7-4668-BE54-9A1E7A4F7556}") = "ComicShelf", "ComicShelf\ComicShelf.csproj", "{3954451A-6415-4EDB-9127-F5E09D4C6842}"
EndProject
Global
	GlobalSection(SolutionConfigurationPlatforms) = preSolution
		Debug|Any CPU = Debug|Any CPU
		Release|Any CPU = Release|Any CPU
	EndGlobalSection
	GlobalSection(ProjectConfigurationPlatforms) = postSolution
		{3954451A-6415-4EDB-9127-F5E09D4C6842}.Debug|Any CPU.ActiveCfg = Debug|Any CPU
		{3954451A-6415-4EDB-9127-F5E09D4C6842}.Debug|Any CPU.Build.0 = Debug|Any CPU
		{3954451A-6415-4EDB-9127-F5E09D4C6842}.Release|Any CPU.ActiveCfg = Release|Any CPU
		{3954451A-6415-4EDB-9127-F5E09D4C6842}.Release|Any CPU.Build.0 = Release|Any CPU
	EndGlobalSection
	GlobalSection(SolutionProperties) = preSolution
		HideSolutionNode = FALSE
	EndGlobalSection
	GlobalSection(ExtensibilityGlobals) = postSolution
		SolutionGuid = {3CF27153-4179-4E13-AAD3-9E88D6E089BD}
	EndGlobalSection
EndGlobal
